
Microsoft Visual Studio Solution File, Format Version 12.00
# Visual Studio Version 16
VisualStudioVersion = 16.0.30413.136
MinimumVisualStudioVersion = 10.0.40219.1
Project("{FAE04EC0-301F-11D3-BF4B-00C04F79EFBC}") = "CodeFirst", "CodeFirst\CodeFirst.csproj", "{13D5E9A0-D1B0-466D-8A51-2C53C08E06F7}"
EndProject
Global
	GlobalSection(SolutionConfigurationPlatforms) = preSolution
		Debug|Any CPU = Debug|Any CPU
		Release|Any CPU = Release|Any CPU
	EndGlobalSection
	GlobalSection(ProjectConfigurationPlatforms) = postSolution
		{13D5E9A0-D1B0-466D-8A51-2C53C08E06F7}.Debug|Any CPU.ActiveCfg = Debug|Any CPU
		{13D5E9A0-D1B0-466D-8A51-2C53C08E06F7}.Debug|Any CPU.Build.0 = Debug|Any CPU
		{13D5E9A0-D1B0-466D-8A51-2C53C08E06F7}.Release|Any CPU.ActiveCfg = Release|Any CPU
		{13D5E9A0-D1B0-466D-8A51-2C53C08E06F7}.Release|Any CPU.Build.0 = Release|Any CPU
	EndGlobalSection
	GlobalSection(SolutionProperties) = preSolution
		HideSolutionNode = FALSE
	EndGlobalSection
	GlobalSection(ExtensibilityGlobals) = postSolution
		SolutionGuid = {52C1B13C-1C1D-4D07-A5DE-038279536713}
	EndGlobalSection
EndGlobal
